
Microsoft Visual Studio Solution File, Format Version 12.00
# Visual Studio Version 17
VisualStudioVersion = 17.6.33829.357
MinimumVisualStudioVersion = 10.0.40219.1
Project("{FAE04EC0-301F-11D3-BF4B-00C04F79EFBC}") = "Backend", "Backend.csproj", "{A520B07C-38CB-470A-B420-5A1DCB22B6DF}"
EndProject
Global
	GlobalSection(SolutionConfigurationPlatforms) = preSolution
		Debug|Any CPU = Debug|Any CPU
		Release|Any CPU = Release|Any CPU
	EndGlobalSection
	GlobalSection(ProjectConfigurationPlatforms) = postSolution
		{A520B07C-38CB-470A-B420-5A1DCB22B6DF}.Debug|Any CPU.ActiveCfg = Debug|Any CPU
		{A520B07C-38CB-470A-B420-5A1DCB22B6DF}.Debug|Any CPU.Build.0 = Debug|Any CPU
		{A520B07C-38CB-470A-B420-5A1DCB22B6DF}.Release|Any CPU.ActiveCfg = Release|Any CPU
		{A520B07C-38CB-470A-B420-5A1DCB22B6DF}.Release|Any CPU.Build.0 = Release|Any CPU
	EndGlobalSection
	GlobalSection(SolutionProperties) = preSolution
		HideSolutionNode = FALSE
	EndGlobalSection
	GlobalSection(ExtensibilityGlobals) = postSolution
		SolutionGuid = {4EA3B3F9-B3C2-49AF-8138-B751D13B1633}
	EndGlobalSection
EndGlobal
